
Microsoft Visual Studio Solution File, Format Version 12.00
# Visual Studio 15
VisualStudioVersion = 15.0.27130.2010
MinimumVisualStudioVersion = 10.0.40219.1
Project("{FAE04EC0-301F-11D3-BF4B-00C04F79EFBC}") = "PracticeProblems", "PracticeProblems\PracticeProblems.csproj", "{DB1C8F26-6558-4C02-BC0F-09C67AFBAF32}"
EndProject
Global
	GlobalSection(SolutionConfigurationPlatforms) = preSolution
		Debug|Any CPU = Debug|Any CPU
		Release|Any CPU = Release|Any CPU
	EndGlobalSection
	GlobalSection(ProjectConfigurationPlatforms) = postSolution
		{DB1C8F26-6558-4C02-BC0F-09C67AFBAF32}.Debug|Any CPU.ActiveCfg = Debug|Any CPU
		{DB1C8F26-6558-4C02-BC0F-09C67AFBAF32}.Debug|Any CPU.Build.0 = Debug|Any CPU
		{DB1C8F26-6558-4C02-BC0F-09C67AFBAF32}.Release|Any CPU.ActiveCfg = Release|Any CPU
		{DB1C8F26-6558-4C02-BC0F-09C67AFBAF32}.Release|Any CPU.Build.0 = Release|Any CPU
	EndGlobalSection
	GlobalSection(SolutionProperties) = preSolution
		HideSolutionNode = FALSE
	EndGlobalSection
	GlobalSection(ExtensibilityGlobals) = postSolution
		SolutionGuid = {99196753-0EC1-4029-B087-99B5B08BADF2}
	EndGlobalSection
EndGlobal
